
Microsoft Visual Studio Solution File, Format Version 12.00
# Visual Studio 14
VisualStudioVersion = 14.0.25420.1
MinimumVisualStudioVersion = 10.0.40219.1
Project("{FAE04EC0-301F-11D3-BF4B-00C04F79EFBC}") = "Uddeholm.Core", "Uddeholm.Core\Uddeholm.Core.csproj", "{ECF4CE93-790A-4766-94A5-3271090B6E97}"
EndProject
Project("{FAE04EC0-301F-11D3-BF4B-00C04F79EFBC}") = "Uddeholm.Test", "Uddeholm.Test\Uddeholm.Test.csproj", "{3DC02934-CF9A-491D-8436-9CA663213577}"
EndProject
Project("{FAE04EC0-301F-11D3-BF4B-00C04F79EFBC}") = "Coating GUI", "Coating GUI\Coating GUI.csproj", "{43007483-45DF-43A7-B643-62776F1ABC12}"
EndProject
Global
	GlobalSection(SolutionConfigurationPlatforms) = preSolution
		Debug|Any CPU = Debug|Any CPU
		Debug|x64 = Debug|x64
		Release|Any CPU = Release|Any CPU
		Release|x64 = Release|x64
	EndGlobalSection
	GlobalSection(ProjectConfigurationPlatforms) = postSolution
		{ECF4CE93-790A-4766-94A5-3271090B6E97}.Debug|Any CPU.ActiveCfg = Debug|Any CPU
		{ECF4CE93-790A-4766-94A5-3271090B6E97}.Debug|Any CPU.Build.0 = Debug|Any CPU
		{ECF4CE93-790A-4766-94A5-3271090B6E97}.Debug|x64.ActiveCfg = Debug|x64
		{ECF4CE93-790A-4766-94A5-3271090B6E97}.Debug|x64.Build.0 = Debug|x64
		{ECF4CE93-790A-4766-94A5-3271090B6E97}.Release|Any CPU.ActiveCfg = Release|Any CPU
		{ECF4CE93-790A-4766-94A5-3271090B6E97}.Release|Any CPU.Build.0 = Release|Any CPU
		{ECF4CE93-790A-4766-94A5-3271090B6E97}.Release|x64.ActiveCfg = Release|x64
		{ECF4CE93-790A-4766-94A5-3271090B6E97}.Release|x64.Build.0 = Release|x64
		{3DC02934-CF9A-491D-8436-9CA663213577}.Debug|Any CPU.ActiveCfg = Debug|Any CPU
		{3DC02934-CF9A-491D-8436-9CA663213577}.Debug|Any CPU.Build.0 = Debug|Any CPU
		{3DC02934-CF9A-491D-8436-9CA663213577}.Debug|x64.ActiveCfg = Debug|Any CPU
		{3DC02934-CF9A-491D-8436-9CA663213577}.Debug|x64.Build.0 = Debug|Any CPU
		{3DC02934-CF9A-491D-8436-9CA663213577}.Release|Any CPU.ActiveCfg = Release|Any CPU
		{3DC02934-CF9A-491D-8436-9CA663213577}.Release|Any CPU.Build.0 = Release|Any CPU
		{3DC02934-CF9A-491D-8436-9CA663213577}.Release|x64.ActiveCfg = Release|Any CPU
		{3DC02934-CF9A-491D-8436-9CA663213577}.Release|x64.Build.0 = Release|Any CPU
		{43007483-45DF-43A7-B643-62776F1ABC12}.Debug|Any CPU.ActiveCfg = Debug|Any CPU
		{43007483-45DF-43A7-B643-62776F1ABC12}.Debug|Any CPU.Build.0 = Debug|Any CPU
		{43007483-45DF-43A7-B643-62776F1ABC12}.Debug|x64.ActiveCfg = Debug|Any CPU
		{43007483-45DF-43A7-B643-62776F1ABC12}.Debug|x64.Build.0 = Debug|Any CPU
		{43007483-45DF-43A7-B643-62776F1ABC12}.Release|Any CPU.ActiveCfg = Release|Any CPU
		{43007483-45DF-43A7-B643-62776F1ABC12}.Release|Any CPU.Build.0 = Release|Any CPU
		{43007483-45DF-43A7-B643-62776F1ABC12}.Release|x64.ActiveCfg = Release|Any CPU
		{43007483-45DF-43A7-B643-62776F1ABC12}.Release|x64.Build.0 = Release|Any CPU
	EndGlobalSection
	GlobalSection(SolutionProperties) = preSolution
		HideSolutionNode = FALSE
	EndGlobalSection
EndGlobal
